// !$*UTF8*$!
{
	archiveVersion = 1;
	classes = {
	};
	objectVersion = 46;
	objects = {

/* Begin PBXBuildFile section */
		D2DE8DC21AFFE4EB00C64A57 /* AppDelegate.swift in Sources */ = {isa = PBXBuildFile; fileRef = D2DE8DC11AFFE4EB00C64A57 /* AppDelegate.swift */; };
		D2DE8DC41AFFE4EB00C64A57 /* ViewController.swift in Sources */ = {isa = PBXBuildFile; fileRef = D2DE8DC31AFFE4EB00C64A57 /* ViewController.swift */; };
		D2DE8DC71AFFE4EB00C64A57 /* Main.storyboard in Resources */ = {isa = PBXBuildFile; fileRef = D2DE8DC51AFFE4EB00C64A57 /* Main.storyboard */; };
		D2DE8DC91AFFE4EB00C64A57 /* Images.xcassets in Resources */ = {isa = PBXBuildFile; fileRef = D2DE8DC81AFFE4EB00C64A57 /* Images.xcassets */; };
		D2DE8DCC1AFFE4EB00C64A57 /* LaunchScreen.xib in Resources */ = {isa = PBXBuildFile; fileRef = D2DE8DCA1AFFE4EB00C64A57 /* LaunchScreen.xib */; };
		D2DE8DD81AFFE4EB00C64A57 /* CryptopalsTests.swift in Sources */ = {isa = PBXBuildFile; fileRef = D2DE8DD71AFFE4EB00C64A57 /* CryptopalsTests.swift */; };
/* End PBXBuildFile section */

/* Begin PBXContainerItemProxy section */
		D2DE8DD21AFFE4EB00C64A57 /* PBXContainerItemProxy */ = {
			isa = PBXContainerItemProxy;
			containerPortal = D2DE8DB41AFFE4EB00C64A57 /* Project object */;
			proxyType = 1;
			remoteGlobalIDString = D2DE8DBB1AFFE4EB00C64A57;
			remoteInfo = Cryptopals;
		};
/* End PBXContainerItemProxy section */

/* Begin PBXFileReference section */
		D2DE8DBC1AFFE4EB00C64A57 /* Cryptopals.app */ = {isa = PBXFileReference; explicitFileType = wrapper.application; includeInIndex = 0; path = Cryptopals.app; sourceTree = BUILT_PRODUCTS_DIR; };
		D2DE8DC01AFFE4EB00C64A57 /* Info.plist */ = {isa = PBXFileReference; lastKnownFileType = text.plist.xml; path = Info.plist; sourceTree = "<group>"; };
		D2DE8DC11AFFE4EB00C64A57 /* AppDelegate.swift */ = {isa = PBXFileReference; lastKnownFileType = sourcecode.swift; path = AppDelegate.swift; sourceTree = "<group>"; };
		D2DE8DC31AFFE4EB00C64A57 /* ViewController.swift */ = {isa = PBXFileReference; lastKnownFileType = sourcecode.swift; path = ViewController.swift; sourceTree = "<group>"; };
		D2DE8DC61AFFE4EB00C64A57 /* Base */ = {isa = PBXFileReference; lastKnownFileType = file.storyboard; name = Base; path = Base.lproj/Main.storyboard; sourceTree = "<group>"; };
		D2DE8DC81AFFE4EB00C64A57 /* Images.xcassets */ = {isa = PBXFileReference; lastKnownFileType = folder.assetcatalog; path = Images.xcassets; sourceTree = "<group>"; };
		D2DE8DCB1AFFE4EB00C64A57 /* Base */ = {isa = PBXFileReference; lastKnownFileType = file.xib; name = Base; path = Base.lproj/LaunchScreen.xib; sourceTree = "<group>"; };
		D2DE8DD11AFFE4EB00C64A57 /* CryptopalsTests.xctest */ = {isa = PBXFileReference; explicitFileType = wrapper.cfbundle; includeInIndex = 0; path = CryptopalsTests.xctest; sourceTree = BUILT_PRODUCTS_DIR; };
		D2DE8DD61AFFE4EB00C64A57 /* Info.plist */ = {isa = PBXFileReference; lastKnownFileType = text.plist.xml; path = Info.plist; sourceTree = "<group>"; };
		D2DE8DD71AFFE4EB00C64A57 /* CryptopalsTests.swift */ = {isa = PBXFileReference; lastKnownFileType = sourcecode.swift; path = CryptopalsTests.swift; sourceTree = "<group>"; };
/* End PBXFileReference section */

/* Begin PBXFrameworksBuildPhase section */
		D2DE8DB91AFFE4EB00C64A57 /* Frameworks */ = {
			isa = PBXFrameworksBuildPhase;
			buildActionMask = 2147483647;
			files = (
			);
			runOnlyForDeploymentPostprocessing = 0;
		};
		D2DE8DCE1AFFE4EB00C64A57 /* Frameworks */ = {
			isa = PBXFrameworksBuildPhase;
			buildActionMask = 2147483647;
			files = (
			);
			runOnlyForDeploymentPostprocessing = 0;
		};
/* End PBXFrameworksBuildPhase section */

/* Begin PBXGroup section */
		D2DE8DB31AFFE4EB00C64A57 = {
			isa = PBXGroup;
			children = (
				D2DE8DBE1AFFE4EB00C64A57 /* Cryptopals */,
				D2DE8DD41AFFE4EB00C64A57 /* CryptopalsTests */,
				D2DE8DBD1AFFE4EB00C64A57 /* Products */,
			);
			sourceTree = "<group>";
		};
		D2DE8DBD1AFFE4EB00C64A57 /* Products */ = {
			isa = PBXGroup;
			children = (
				D2DE8DBC1AFFE4EB00C64A57 /* Cryptopals.app */,
				D2DE8DD11AFFE4EB00C64A57 /* CryptopalsTests.xctest */,
			);
			name = Products;
			sourceTree = "<group>";
		};
		D2DE8DBE1AFFE4EB00C64A57 /* Cryptopals */ = {
			isa = PBXGroup;
			children = (
				D2DE8DC11AFFE4EB00C64A57 /* AppDelegate.swift */,
				D2DE8DC31AFFE4EB00C64A57 /* ViewController.swift */,
				D2DE8DC51AFFE4EB00C64A57 /* Main.storyboard */,
				D2DE8DC81AFFE4EB00C64A57 /* Images.xcassets */,
				D2DE8DCA1AFFE4EB00C64A57 /* LaunchScreen.xib */,
				D2DE8DBF1AFFE4EB00C64A57 /* Supporting Files */,
			);
			path = Cryptopals;
			sourceTree = "<group>";
		};
		D2DE8DBF1AFFE4EB00C64A57 /* Supporting Files */ = {
			isa = PBXGroup;
			children = (
				D2DE8DC01AFFE4EB00C64A57 /* Info.plist */,
			);
			name = "Supporting Files";
			sourceTree = "<group>";
		};
		D2DE8DD41AFFE4EB00C64A57 /* CryptopalsTests */ = {
			isa = PBXGroup;
			children = (
				D2DE8DD71AFFE4EB00C64A57 /* CryptopalsTests.swift */,
				D2DE8DD51AFFE4EB00C64A57 /* Supporting Files */,
			);
			path = CryptopalsTests;
			sourceTree = "<group>";
		};
		D2DE8DD51AFFE4EB00C64A57 /* Supporting Files */ = {
			isa = PBXGroup;
			children = (
				D2DE8DD61AFFE4EB00C64A57 /* Info.plist */,
			);
			name = "Supporting Files";
			sourceTree = "<group>";
		};
/* End PBXGroup section */

/* Begin PBXNativeTarget section */
		D2DE8DBB1AFFE4EB00C64A57 /* Cryptopals */ = {
			isa = PBXNativeTarget;
			buildConfigurationList = D2DE8DDB1AFFE4EB00C64A57 /* Build configuration list for PBXNativeTarget "Cryptopals" */;
			buildPhases = (
				D2DE8DB81AFFE4EB00C64A57 /* Sources */,
				D2DE8DB91AFFE4EB00C64A57 /* Frameworks */,
				D2DE8DBA1AFFE4EB00C64A57 /* Resources */,
			);
			buildRules = (
			);
			dependencies = (
			);
			name = Cryptopals;
			productName = Cryptopals;
			productReference = D2DE8DBC1AFFE4EB00C64A57 /* Cryptopals.app */;
			productType = "com.apple.product-type.application";
		};
		D2DE8DD01AFFE4EB00C64A57 /* CryptopalsTests */ = {
			isa = PBXNativeTarget;
			buildConfigurationList = D2DE8DDE1AFFE4EB00C64A57 /* Build configuration list for PBXNativeTarget "CryptopalsTests" */;
			buildPhases = (
				D2DE8DCD1AFFE4EB00C64A57 /* Sources */,
				D2DE8DCE1AFFE4EB00C64A57 /* Frameworks */,
				D2DE8DCF1AFFE4EB00C64A57 /* Resources */,
			);
			buildRules = (
			);
			dependencies = (
				D2DE8DD31AFFE4EB00C64A57 /* PBXTargetDependency */,
			);
			name = CryptopalsTests;
			productName = CryptopalsTests;
			productReference = D2DE8DD11AFFE4EB00C64A57 /* CryptopalsTests.xctest */;
			productType = "com.apple.product-type.bundle.unit-test";
		};
/* End PBXNativeTarget section */

/* Begin PBXProject section */
		D2DE8DB41AFFE4EB00C64A57 /* Project object */ = {
			isa = PBXProject;
			attributes = {
				LastUpgradeCheck = 0610;
				ORGANIZATIONNAME = spw;
				TargetAttributes = {
					D2DE8DBB1AFFE4EB00C64A57 = {
						CreatedOnToolsVersion = 6.1.1;
					};
					D2DE8DD01AFFE4EB00C64A57 = {
						CreatedOnToolsVersion = 6.1.1;
						TestTargetID = D2DE8DBB1AFFE4EB00C64A57;
					};
				};
			};
			buildConfigurationList = D2DE8DB71AFFE4EB00C64A57 /* Build configuration list for PBXProject "Cryptopals" */;
			compatibilityVersion = "Xcode 3.2";
			developmentRegion = English;
			hasScannedForEncodings = 0;
			knownRegions = (
				en,
				Base,
			);
			mainGroup = D2DE8DB31AFFE4EB00C64A57;
			productRefGroup = D2DE8DBD1AFFE4EB00C64A57 /* Products */;
			projectDirPath = "";
			projectRoot = "";
			targets = (
				D2DE8DBB1AFFE4EB00C64A57 /* Cryptopals */,
				D2DE8DD01AFFE4EB00C64A57 /* CryptopalsTests */,
			);
		};
/* End PBXProject section */

/* Begin PBXResourcesBuildPhase section */
		D2DE8DBA1AFFE4EB00C64A57 /* Resources */ = {
			isa = PBXResourcesBuildPhase;
			buildActionMask = 2147483647;
			files = (
				D2DE8DC71AFFE4EB00C64A57 /* Main.storyboard in Resources */,
				D2DE8DCC1AFFE4EB00C64A57 /* LaunchScreen.xib in Resources */,
				D2DE8DC91AFFE4EB00C64A57 /* Images.xcassets in Resources */,
			);
			runOnlyForDeploymentPostprocessing = 0;
		};
		D2DE8DCF1AFFE4EB00C64A57 /* Resources */ = {
			isa = PBXResourcesBuildPhase;
			buildActionMask = 2147483647;
			files = (
			);
			runOnlyForDeploymentPostprocessing = 0;
		};
/* End PBXResourcesBuildPhase section */

/* Begin PBXSourcesBuildPhase section */
		D2DE8DB81AFFE4EB00C64A57 /* Sources */ = {
			isa = PBXSourcesBuildPhase;
			buildActionMask = 2147483647;
			files = (
				D2DE8DC41AFFE4EB00C64A57 /* ViewController.swift in Sources */,
				D2DE8DC21AFFE4EB00C64A57 /* AppDelegate.swift in Sources */,
			);
			runOnlyForDeploymentPostprocessing = 0;
		};
		D2DE8DCD1AFFE4EB00C64A57 /* Sources */ = {
			isa = PBXSourcesBuildPhase;
			buildActionMask = 2147483647;
			files = (
				D2DE8DD81AFFE4EB00C64A57 /* CryptopalsTests.swift in Sources */,
			);
			runOnlyForDeploymentPostprocessing = 0;
		};
/* End PBXSourcesBuildPhase section */

/* Begin PBXTargetDependency section */
		D2DE8DD31AFFE4EB00C64A57 /* PBXTargetDependency */ = {
			isa = PBXTargetDependency;
			target = D2DE8DBB1AFFE4EB00C64A57 /* Cryptopals */;
			targetProxy = D2DE8DD21AFFE4EB00C64A57 /* PBXContainerItemProxy */;
		};
/* End PBXTargetDependency section */

/* Begin PBXVariantGroup section */
		D2DE8DC51AFFE4EB00C64A57 /* Main.storyboard */ = {
			isa = PBXVariantGroup;
			children = (
				D2DE8DC61AFFE4EB00C64A57 /* Base */,
			);
			name = Main.storyboard;
			sourceTree = "<group>";
		};
		D2DE8DCA1AFFE4EB00C64A57 /* LaunchScreen.xib */ = {
			isa = PBXVariantGroup;
			children = (
				D2DE8DCB1AFFE4EB00C64A57 /* Base */,
			);
			name = LaunchScreen.xib;
			sourceTree = "<group>";
		};
/* End PBXVariantGroup section */

/* Begin XCBuildConfiguration section */
		D2DE8DD91AFFE4EB00C64A57 /* Debug */ = {
			isa = XCBuildConfiguration;
			buildSettings = {
				ALWAYS_SEARCH_USER_PATHS = NO;
				CLANG_CXX_LANGUAGE_STANDARD = "gnu++0x";
				CLANG_CXX_LIBRARY = "libc++";
				CLANG_ENABLE_MODULES = YES;
				CLANG_ENABLE_OBJC_ARC = YES;
				CLANG_WARN_BOOL_CONVERSION = YES;
				CLANG_WARN_CONSTANT_CONVERSION = YES;
				CLANG_WARN_DIRECT_OBJC_ISA_USAGE = YES_ERROR;
				CLANG_WARN_EMPTY_BODY = YES;
				CLANG_WARN_ENUM_CONVERSION = YES;
				CLANG_WARN_INT_CONVERSION = YES;
				CLANG_WARN_OBJC_ROOT_CLASS = YES_ERROR;
				CLANG_WARN_UNREACHABLE_CODE = YES;
				CLANG_WARN__DUPLICATE_METHOD_MATCH = YES;
				"CODE_SIGN_IDENTITY[sdk=iphoneos*]" = "iPhone Developer";
				COPY_PHASE_STRIP = NO;
				ENABLE_STRICT_OBJC_MSGSEND = YES;
				GCC_C_LANGUAGE_STANDARD = gnu99;
				GCC_DYNAMIC_NO_PIC = NO;
				GCC_OPTIMIZATION_LEVEL = 0;
				GCC_PREPROCESSOR_DEFINITIONS = (
					"DEBUG=1",
					"$(inherited)",
				);
				GCC_SYMBOLS_PRIVATE_EXTERN = NO;
				GCC_WARN_64_TO_32_BIT_CONVERSION = YES;
				GCC_WARN_ABOUT_RETURN_TYPE = YES_ERROR;
				GCC_WARN_UNDECLARED_SELECTOR = YES;
				GCC_WARN_UNINITIALIZED_AUTOS = YES_AGGRESSIVE;
				GCC_WARN_UNUSED_FUNCTION = YES;
				GCC_WARN_UNUSED_VARIABLE = YES;
				IPHONEOS_DEPLOYMENT_TARGET = 8.1;
				MTL_ENABLE_DEBUG_INFO = YES;
				ONLY_ACTIVE_ARCH = YES;
				SDKROOT = iphoneos;
				SWIFT_OPTIMIZATION_LEVEL = "-Onone";
			};
			name = Debug;
		};
		D2DE8DDA1AFFE4EB00C64A57 /* Release */ = {
			isa = XCBuildConfiguration;
			buildSettings = {
				ALWAYS_SEARCH_USER_PATHS = NO;
				CLANG_CXX_LANGUAGE_STANDARD = "gnu++0x";
				CLANG_CXX_LIBRARY = "libc++";
				CLANG_ENABLE_MODULES = YES;
				CLANG_ENABLE_OBJC_ARC = YES;
				CLANG_WARN_BOOL_CONVERSION = YES;
				CLANG_WARN_CONSTANT_CONVERSION = YES;
				CLANG_WARN_DIRECT_OBJC_ISA_USAGE = YES_ERROR;
				CLANG_WARN_EMPTY_BODY = YES;
				CLANG_WARN_ENUM_CONVERSION = YES;
				CLANG_WARN_INT_CONVERSION = YES;
				CLANG_WARN_OBJC_ROOT_CLASS = YES_ERROR;
				CLANG_WARN_UNREACHABLE_CODE = YES;
				CLANG_WARN__DUPLICATE_METHOD_MATCH = YES;
				"CODE_SIGN_IDENTITY[sdk=iphoneos*]" = "iPhone Developer";
				COPY_PHASE_STRIP = YES;
				ENABLE_NS_ASSERTIONS = NO;
				ENABLE_STRICT_OBJC_MSGSEND = YES;
				GCC_C_LANGUAGE_STANDARD = gnu99;
				GCC_WARN_64_TO_32_BIT_CONVERSION = YES;
				GCC_WARN_ABOUT_RETURN_TYPE = YES_ERROR;
				GCC_WARN_UNDECLARED_SELECTOR = YES;
				GCC_WARN_UNINITIALIZED_AUTOS = YES_AGGRESSIVE;
				GCC_WARN_UNUSED_FUNCTION = YES;
				GCC_WARN_UNUSED_VARIABLE = YES;
				IPHONEOS_DEPLOYMENT_TARGET = 8.1;
				MTL_ENABLE_DEBUG_INFO = NO;
				SDKROOT = iphoneos;
				VALIDATE_PRODUCT = YES;
			};
			name = Release;
		};
		D2DE8DDC1AFFE4EB00C64A57 /* Debug */ = {
			isa = XCBuildConfiguration;
			buildSettings = {
				ASSETCATALOG_COMPILER_APPICON_NAME = AppIcon;
				INFOPLIST_FILE = Cryptopals/Info.plist;
				LD_RUNPATH_SEARCH_PATHS = "$(inherited) @executable_path/Frameworks";
				PRODUCT_NAME = "$(TARGET_NAME)";
			};
			name = Debug;
		};
		D2DE8DDD1AFFE4EB00C64A57 /* Release */ = {
			isa = XCBuildConfiguration;
			buildSettings = {
				ASSETCATALOG_COMPILER_APPICON_NAME = AppIcon;
				INFOPLIST_FILE = Cryptopals/Info.plist;
				LD_RUNPATH_SEARCH_PATHS = "$(inherited) @executable_path/Frameworks";
				PRODUCT_NAME = "$(TARGET_NAME)";
			};
			name = Release;
		};
		D2DE8DDF1AFFE4EB00C64A57 /* Debug */ = {
			isa = XCBuildConfiguration;
			buildSettings = {
				BUNDLE_LOADER = "$(TEST_HOST)";
				FRAMEWORK_SEARCH_PATHS = (
					"$(SDKROOT)/Developer/Library/Frameworks",
					"$(inherited)",
				);
				GCC_PREPROCESSOR_DEFINITIONS = (
					"DEBUG=1",
					"$(inherited)",
				);
				INFOPLIST_FILE = CryptopalsTests/Info.plist;
				LD_RUNPATH_SEARCH_PATHS = "$(inherited) @executable_path/Frameworks @loader_path/Frameworks";
				PRODUCT_NAME = "$(TARGET_NAME)";
				TEST_HOST = "$(BUILT_PRODUCTS_DIR)/Cryptopals.app/Cryptopals";
			};
			name = Debug;
		};
		D2DE8DE01AFFE4EB00C64A57 /* Release */ = {
			isa = XCBuildConfiguration;
			buildSettings = {
				BUNDLE_LOADER = "$(TEST_HOST)";
				FRAMEWORK_SEARCH_PATHS = (
					"$(SDKROOT)/Developer/Library/Frameworks",
					"$(inherited)",
				);
				INFOPLIST_FILE = CryptopalsTests/Info.plist;
				LD_RUNPATH_SEARCH_PATHS = "$(inherited) @executable_path/Frameworks @loader_path/Frameworks";
				PRODUCT_NAME = "$(TARGET_NAME)";
				TEST_HOST = "$(BUILT_PRODUCTS_DIR)/Cryptopals.app/Cryptopals";
			};
			name = Release;
		};
/* End XCBuildConfiguration section */

/* Begin XCConfigurationList section */
		D2DE8DB71AFFE4EB00C64A57 /* Build configuration list for PBXProject "Cryptopals" */ = {
			isa = XCConfigurationList;
			buildConfigurations = (
				D2DE8DD91AFFE4EB00C64A57 /* Debug */,
				D2DE8DDA1AFFE4EB00C64A57 /* Release */,
			);
			defaultConfigurationIsVisible = 0;
			defaultConfigurationName = Release;
		};
		D2DE8DDB1AFFE4EB00C64A57 /* Build configuration list for PBXNativeTarget "Cryptopals" */ = {
			isa = XCConfigurationList;
			buildConfigurations = (
				D2DE8DDC1AFFE4EB00C64A57 /* Debug */,
				D2DE8DDD1AFFE4EB00C64A57 /* Release */,
			);
			defaultConfigurationIsVisible = 0;
		};
		D2DE8DDE1AFFE4EB00C64A57 /* Build configuration list for PBXNativeTarget "CryptopalsTests" */ = {
			isa = XCConfigurationList;
			buildConfigurations = (
				D2DE8DDF1AFFE4EB00C64A57 /* Debug */,
				D2DE8DE01AFFE4EB00C64A57 /* Release */,
			);
			defaultConfigurationIsVisible = 0;
		};
/* End XCConfigurationList section */
	};
	rootObject = D2DE8DB41AFFE4EB00C64A57 /* Project object */;
}
